{
  "name": "To_Do_List",
  "version": "1.0.0",
  "lockfileVersion": 1,
  "requires": true,
  "dependencies": {
    "extend": {
      "version": "3.0.2",
      "resolved": "https://registry.npmjs.org/extend/-/extend-3.0.2.tgz",
      "integrity": "sha512-fjquC59cD7CyW6urNXK0FBufkZcoiGG80wTuPujX590cB5Ttln20E2UB4S/WARVqhXffZl2LNgS+gQdPIIim/g=="
    },
    "mongoose-auto-increment": {
      "version": "5.0.1",
      "resolved": "https://registry.npmjs.org/mongoose-auto-increment/-/mongoose-auto-increment-5.0.1.tgz",
      "integrity": "sha1-gn4FHZzDcdq+i/8acEQx00HLed8=",
      "requires": {
        "extend": "^3.0.0"
      }
    }
  }
}
